
Microsoft Visual Studio Solution File, Format Version 12.00
# Visual Studio Version 17
VisualStudioVersion = 17.14.36109.1
MinimumVisualStudioVersion = 10.0.40219.1
Project("{FAE04EC0-301F-11D3-BF4B-00C04F79EFBC}") = "TrafficLawDocumentRazor", "TrafficLawDocumentRazor\TrafficLawDocumentRazor.csproj", "{063D1D1F-C78F-4488-82B4-E96902E9B6AA}"
EndProject
Project("{FAE04EC0-301F-11D3-BF4B-00C04F79EFBC}") = "BussinessObject", "BussinessObject\BussinessObject.csproj", "{59E5A275-245D-40AA-ABEE-55D8450AAFB6}"
EndProject
Project("{FAE04EC0-301F-11D3-BF4B-00C04F79EFBC}") = "Util", "Util\Util.csproj", "{50704645-AEC1-4B93-BFCB-9A250D109EC2}"
EndProject
Global
	GlobalSection(SolutionConfigurationPlatforms) = preSolution
		Debug|Any CPU = Debug|Any CPU
		Release|Any CPU = Release|Any CPU
	EndGlobalSection
	GlobalSection(ProjectConfigurationPlatforms) = postSolution
		{063D1D1F-C78F-4488-82B4-E96902E9B6AA}.Debug|Any CPU.ActiveCfg = Debug|Any CPU
		{063D1D1F-C78F-4488-82B4-E96902E9B6AA}.Debug|Any CPU.Build.0 = Debug|Any CPU
		{063D1D1F-C78F-4488-82B4-E96902E9B6AA}.Release|Any CPU.ActiveCfg = Release|Any CPU
		{063D1D1F-C78F-4488-82B4-E96902E9B6AA}.Release|Any CPU.Build.0 = Release|Any CPU
		{59E5A275-245D-40AA-ABEE-55D8450AAFB6}.Debug|Any CPU.ActiveCfg = Debug|Any CPU
		{59E5A275-245D-40AA-ABEE-55D8450AAFB6}.Debug|Any CPU.Build.0 = Debug|Any CPU
		{59E5A275-245D-40AA-ABEE-55D8450AAFB6}.Release|Any CPU.ActiveCfg = Release|Any CPU
		{59E5A275-245D-40AA-ABEE-55D8450AAFB6}.Release|Any CPU.Build.0 = Release|Any CPU
		{50704645-AEC1-4B93-BFCB-9A250D109EC2}.Debug|Any CPU.ActiveCfg = Debug|Any CPU
		{50704645-AEC1-4B93-BFCB-9A250D109EC2}.Debug|Any CPU.Build.0 = Debug|Any CPU
		{50704645-AEC1-4B93-BFCB-9A250D109EC2}.Release|Any CPU.ActiveCfg = Release|Any CPU
		{50704645-AEC1-4B93-BFCB-9A250D109EC2}.Release|Any CPU.Build.0 = Release|Any CPU
	EndGlobalSection
	GlobalSection(SolutionProperties) = preSolution
		HideSolutionNode = FALSE
	EndGlobalSection
	GlobalSection(ExtensibilityGlobals) = postSolution
		SolutionGuid = {B4F48B32-4F17-4380-9A76-0359397FC4AA}
	EndGlobalSection
EndGlobal
